github.com/kr/pretty v0.2.1 h1:Fmg33tUaq4/8ym9TJN1x7sLJnHVwhP33CNkpYV/7rwI=
github.com/kr/pretty v0.2.1/go.mod h1:ipq/a2n7PKx3OHsz4KJII5eveXtPO4qwEXGdVfWzfnI=
github.com/kr/pty v1.1.1/go.mod h1:pFQYn66WHrOpPYNljwOMqo10TkYh1fy3cYio2l3bCsQ=
github.com/kr/text v0.1.0 h1:45sCR5RtlFHMR4UwH9sdQ5TC8v0qDQCHnXt+kaKSTVE=
github.com/kr/text v0.1.0/go.mod h1:4Jbv+DJW3UT/LiOwJeYQe1efqtUx/iVham/4vfdArNI=
golang.org/x/net v0.5.0 h1:GyT4nK/YDHSqa1c4753ouYCDajOYKTja9Xb/OHtgvSw=
golang.org/x/net v0.5.0/go.mod h1:DivGGAXEgPSlEBzxGzZI+ZLohi+xUj054jfeKui00ws=
gopkg.in/check.v1 v1.0.0-20201130134442-10cb98267c6c h1:Hei/4ADfdWqJk1ZMxUNpqntNwaWcugrBjAiHlqqRiVk=
gopkg.in/check.v1 v1.0.0-20201130134442-10cb98267c6c/go.mod h1:JHkPIbrfpd72SG/EVd6muEfDQjcINNoR0C8j2r3qZ4Q=
gopkg.in/xmlpath.v2 v2.0.0-20150820204837-860cbeca3ebc h1:LMEBgNcZUqXaP7evD1PZcL6EcDVa2QOFuI+cqM3+AJM=
gopkg.in/xmlpath.v2 v2.0.0-20150820204837-860cbeca3ebc/go.mod h1:N8UOSI6/c2yOpa/XDz3KVUiegocTziPiqNkeNTMiG1k=
libvirt.org/go/libvirt v1.9000.0 h1:u95YEBuk85v2GO6+M3qv+WdAu2JKQSMWhCJ4R+kNDQo=
libvirt.org/go/libvirt v1.9000.0/go.mod h1:1WiFE8EjZfq+FCVog+rvr1yatKbKZ9FaFMZgEqxEJqQ=
libvirt.org/go/libvirtxml v1.9000.0 h1:Qu4rHf7lgsbWSdLapNzHAECwLlilyocn4R3v14mYIoU=
libvirt.org/go/libvirtxml v1.9000.0/go.mod h1:7Oq2BLDstLr/XtoQD8Fr3mfDNrzlI3utYKySXF2xkng=
libvirt.org/libvirt-go v7.4.0+incompatible h1:1gFJevSrEoxx/5nZPB6GaTDdoc902NP2KyVPwQ07Ji4=
libvirt.org/libvirt-go v7.4.0+incompatible/go.mod h1:CPoljLoiC2aEw+62g1rZXl2oXAJaNsrq4YCSmJOELek=
libvirt.org/libvirt-go-xml v7.4.0+incompatible h1:NaCRjbtz//xuTZOp1nDHbe0eu5BQlhIy5PPuc09EWtU=
libvirt.org/libvirt-go-xml v7.4.0+incompatible/go.mod h1:FL+H1+hKNWDdkKQGGS4sGCZJ3pGWcjt6VbxZvPlQJkY=
